PODS:
  - Alamofire (4.4.0)
  - KWDrawerController (3.5)
  - Signals (4.0.0)

DEPENDENCIES:
  - Alamofire (~> 4.4)
  - KWDrawerController (~> 3.5)
  - Signals (~> 4.0)

SPEC CHECKSUMS:
  Alamofire: dc44b1600b800eb63da6a19039a0083d62a6a62d
  KWDrawerController: fb55c40bd04525a7c07b8f8babb09466de28b36e
  Signals: 6d818e1b7c39f2bf61cfef30bf314329990d1853

PODFILE CHECKSUM: 31263eeb17842cb259099713539d36e9e8743c91

COCOAPODS: 1.2.1
