// !$*UTF8*$!
{
	archiveVersion = 1;
	classes = {
	};
	objectVersion = 46;
	objects = {

/* Begin PBXBuildFile section */
		1B1DB1A61ECEBDCB00600AA6 /* AppDelegate.swift in Sources */ = {isa = PBXBuildFile; fileRef = 1B1DB1A51ECEBDCB00600AA6 /* AppDelegate.swift */; };
		1B1DB1AD1ECEBDCC00600AA6 /* Assets.xcassets in Resources */ = {isa = PBXBuildFile; fileRef = 1B1DB1AC1ECEBDCC00600AA6 /* Assets.xcassets */; };
		1B1DB1B01ECEBDCC00600AA6 /* LaunchScreen.storyboard in Resources */ = {isa = PBXBuildFile; fileRef = 1B1DB1AE1ECEBDCC00600AA6 /* LaunchScreen.storyboard */; };
		1B1DB1BE1ECECF4D00600AA6 /* MainViewController.swift in Sources */ = {isa = PBXBuildFile; fileRef = 1B1DB1BC1ECECF4D00600AA6 /* MainViewController.swift */; };
		1B1DB1CB1ECF031D00600AA6 /* BaseViewController.swift in Sources */ = {isa = PBXBuildFile; fileRef = 1B1DB1CA1ECF031D00600AA6 /* BaseViewController.swift */; };
		1B21B36B1EF90EA300B379F7 /* TripDetailViewController.swift in Sources */ = {isa = PBXBuildFile; fileRef = 1B21B3691EF90EA300B379F7 /* TripDetailViewController.swift */; };
		1B21B36E1EF90EC500B379F7 /* TripDetailView.xib in Resources */ = {isa = PBXBuildFile; fileRef = 1B21B36D1EF90EC500B379F7 /* TripDetailView.xib */; };
		1B21B3701EF93B6300B379F7 /* KWDrawerController.framework in Frameworks */ = {isa = PBXBuildFile; fileRef = 1B21B36F1EF93B6300B379F7 /* KWDrawerController.framework */; };
		1B47D9FA1EDFE9E700025710 /* Constants.swift in Sources */ = {isa = PBXBuildFile; fileRef = 1B47D9F91EDFE9E700025710 /* Constants.swift */; };
		1B47D9FC1EDFEA0400025710 /* KeyConstants.swift in Sources */ = {isa = PBXBuildFile; fileRef = 1B47D9FB1EDFEA0400025710 /* KeyConstants.swift */; };
		1B47D9FF1EDFEAFD00025710 /* User.swift in Sources */ = {isa = PBXBuildFile; fileRef = 1B47D9FE1EDFEAFD00025710 /* User.swift */; };
		1B47DA011EDFEDB500025710 /* UserService.swift in Sources */ = {isa = PBXBuildFile; fileRef = 1B47DA001EDFEDB500025710 /* UserService.swift */; };
		1B6B452E1ED55E9C00612EC7 /* CustomMapView.swift in Sources */ = {isa = PBXBuildFile; fileRef = 1B6B452D1ED55E9C00612EC7 /* CustomMapView.swift */; };
		1B6B45301ED55EEF00612EC7 /* CustomMapView.xib in Resources */ = {isa = PBXBuildFile; fileRef = 1B6B452F1ED55EEF00612EC7 /* CustomMapView.xib */; };
		1B6B45351ED5BA5200612EC7 /* LocationManager.swift in Sources */ = {isa = PBXBuildFile; fileRef = 1B6B45341ED5BA5200612EC7 /* LocationManager.swift */; };
		1B6B45381ED5BB0300612EC7 /* UIViewExtension.swift in Sources */ = {isa = PBXBuildFile; fileRef = 1B6B45371ED5BB0300612EC7 /* UIViewExtension.swift */; };
		1BA6D5CE1EEA79A8009C397A /* Utils.swift in Sources */ = {isa = PBXBuildFile; fileRef = 1BA6D5CD1EEA79A8009C397A /* Utils.swift */; };
		1BA6D5D01EEA7E61009C397A /* TripService.swift in Sources */ = {isa = PBXBuildFile; fileRef = 1BA6D5CF1EEA7E61009C397A /* TripService.swift */; };
		1BA6D5D21EEA82BF009C397A /* Trip.swift in Sources */ = {isa = PBXBuildFile; fileRef = 1BA6D5D11EEA82BF009C397A /* Trip.swift */; };
		1BB4CE161ED6A6B0003505DB /* Signals.framework in Frameworks */ = {isa = PBXBuildFile; fileRef = 1BB4CE151ED6A6B0003505DB /* Signals.framework */; };
		1BB8533F1EE572DC0023E821 /* menu.plist in Resources */ = {isa = PBXBuildFile; fileRef = 1BB8533E1EE572DC0023E821 /* menu.plist */; };
		1BBB09D31ED2FA7300F73B77 /* LoginViewController.swift in Sources */ = {isa = PBXBuildFile; fileRef = 1BBB09D11ED2FA7300F73B77 /* LoginViewController.swift */; };
		1BBB09D61ED2FAA400F73B77 /* LoginView.xib in Resources */ = {isa = PBXBuildFile; fileRef = 1BBB09D51ED2FAA400F73B77 /* LoginView.xib */; };
		1BBB09D81ED30C4700F73B77 /* LoginService.swift in Sources */ = {isa = PBXBuildFile; fileRef = 1BBB09D71ED30C4700F73B77 /* LoginService.swift */; };
		1BBB09DA1ED30C5500F73B77 /* BaseService.swift in Sources */ = {isa = PBXBuildFile; fileRef = 1BBB09D91ED30C5500F73B77 /* BaseService.swift */; };
		1BBB09DD1ED3144000F73B77 /* CustomTextField.swift in Sources */ = {isa = PBXBuildFile; fileRef = 1BBB09DC1ED3144000F73B77 /* CustomTextField.swift */; };
		1BBB09DF1ED3287000F73B77 /* Alamofire.framework in Frameworks */ = {isa = PBXBuildFile; fileRef = 1BBB09DE1ED3287000F73B77 /* Alamofire.framework */; };
		1BC18D591EDD358200D1578D /* BaseMapView.swift in Sources */ = {isa = PBXBuildFile; fileRef = 1BC18D581EDD358200D1578D /* BaseMapView.swift */; };
		1BC18D5D1EDD4B9100D1578D /* MenuViewController.swift in Sources */ = {isa = PBXBuildFile; fileRef = 1BC18D5C1EDD4B9100D1578D /* MenuViewController.swift */; };
		1BC18D5F1EDD4BCC00D1578D /* MenuView.xib in Resources */ = {isa = PBXBuildFile; fileRef = 1BC18D5E1EDD4BCC00D1578D /* MenuView.xib */; };
		1BC1AEC91ED4113000869AA1 /* HTTPRequestManager.swift in Sources */ = {isa = PBXBuildFile; fileRef = 1BC1AEC81ED4113000869AA1 /* HTTPRequestManager.swift */; };
		1BC1AECB1ED44B0600869AA1 /* AppConfig.swift in Sources */ = {isa = PBXBuildFile; fileRef = 1BC1AECA1ED44B0600869AA1 /* AppConfig.swift */; };
		1BC1AECF1ED450D000869AA1 /* SignUpViewController.swift in Sources */ = {isa = PBXBuildFile; fileRef = 1BC1AECE1ED450D000869AA1 /* SignUpViewController.swift */; };
		1BC1AED11ED4544800869AA1 /* SignUpView.xib in Resources */ = {isa = PBXBuildFile; fileRef = 1BC1AED01ED4544800869AA1 /* SignUpView.xib */; };
		1BC1AED31ED462D000869AA1 /* MainView.xib in Resources */ = {isa = PBXBuildFile; fileRef = 1BC1AED21ED462D000869AA1 /* MainView.xib */; };
		1BD6B6801EEFD3D600162ABF /* TripHistoryViewController.swift in Sources */ = {isa = PBXBuildFile; fileRef = 1BD6B67E1EEFD3D600162ABF /* TripHistoryViewController.swift */; };
		1BD6B6831EEFD53200162ABF /* TripHistoryView.xib in Resources */ = {isa = PBXBuildFile; fileRef = 1BD6B6821EEFD53200162ABF /* TripHistoryView.xib */; };
		1BE2EC8F1EE7DDFA0038F257 /* ProfileViewController.swift in Sources */ = {isa = PBXBuildFile; fileRef = 1BE2EC8D1EE7DDFA0038F257 /* ProfileViewController.swift */; };
		1BE2EC921EE7DE4E0038F257 /* ProfileView.xib in Resources */ = {isa = PBXBuildFile; fileRef = 1BE2EC911EE7DE4E0038F257 /* ProfileView.xib */; };
		AB8716028A113EEAFB04D75D /* Pods_TripManagerApp.framework in Frameworks */ = {isa = PBXBuildFile; fileRef = 8FF95C9B0B0FEEB50BD3B712 /* Pods_TripManagerApp.framework */; };
/* End PBXBuildFile section */

/* Begin PBXFileReference section */
		1B1DB1A21ECEBDCB00600AA6 /* TripManagerApp.app */ = {isa = PBXFileReference; explicitFileType = wrapper.application; includeInIndex = 0; path = TripManagerApp.app; sourceTree = BUILT_PRODUCTS_DIR; };
		1B1DB1A51ECEBDCB00600AA6 /* AppDelegate.swift */ = {isa = PBXFileReference; lastKnownFileType = sourcecode.swift; path = AppDelegate.swift; sourceTree = "<group>"; };
		1B1DB1AC1ECEBDCC00600AA6 /* Assets.xcassets */ = {isa = PBXFileReference; lastKnownFileType = folder.assetcatalog; path = Assets.xcassets; sourceTree = "<group>"; };
		1B1DB1AF1ECEBDCC00600AA6 /* Base */ = {isa = PBXFileReference; lastKnownFileType = file.storyboard; name = Base; path = Base.lproj/LaunchScreen.storyboard; sourceTree = "<group>"; };
		1B1DB1B11ECEBDCC00600AA6 /* Info.plist */ = {isa = PBXFileReference; lastKnownFileType = text.plist.xml; path = Info.plist; sourceTree = "<group>"; };
		1B1DB1BC1ECECF4D00600AA6 /* MainViewController.swift */ = {isa = PBXFileReference; fileEncoding = 4; lastKnownFileType = sourcecode.swift; path = MainViewController.swift; sourceTree = "<group>"; };
		1B1DB1CA1ECF031D00600AA6 /* BaseViewController.swift */ = {isa = PBXFileReference; fileEncoding = 4; lastKnownFileType = sourcecode.swift; path = BaseViewController.swift; sourceTree = "<group>"; };
		1B21B3671EF8FF8800B379F7 /* DateToolsSwift.framework */ = {isa = PBXFileReference; lastKnownFileType = wrapper.framework; name = DateToolsSwift.framework; path = "../../../../../../Users/mehtab/Library/Developer/Xcode/DerivedData/TripManagerApp-gvizxtckzxzhxfgyycnkpcothbrt/Build/Products/Debug-iphonesimulator/DateToolsSwift/DateToolsSwift.framework"; sourceTree = "<group>"; };
		1B21B3691EF90EA300B379F7 /* TripDetailViewController.swift */ = {isa = PBXFileReference; fileEncoding = 4; lastKnownFileType = sourcecode.swift; path = TripDetailViewController.swift; sourceTree = "<group>"; };
		1B21B36D1EF90EC500B379F7 /* TripDetailView.xib */ = {isa = PBXFileReference; fileEncoding = 4; lastKnownFileType = file.xib; path = TripDetailView.xib; sourceTree = "<group>"; };
		1B21B36F1EF93B6300B379F7 /* KWDrawerController.framework */ = {isa = PBXFileReference; lastKnownFileType = wrapper.framework; name = KWDrawerController.framework; path = "Pods/../build/Debug-iphoneos/KWDrawerController/KWDrawerController.framework"; sourceTree = "<group>"; };
		1B47D9F91EDFE9E700025710 /* Constants.swift */ = {isa = PBXFileReference; fileEncoding = 4; lastKnownFileType = sourcecode.swift; name = Constants.swift; path = Constants/Constants.swift; sourceTree = "<group>"; };
		1B47D9FB1EDFEA0400025710 /* KeyConstants.swift */ = {isa = PBXFileReference; fileEncoding = 4; lastKnownFileType = sourcecode.swift; name = KeyConstants.swift; path = Constants/KeyConstants.swift; sourceTree = "<group>"; };
		1B47D9FE1EDFEAFD00025710 /* User.swift */ = {isa = PBXFileReference; fileEncoding = 4; lastKnownFileType = sourcecode.swift; name = User.swift; path = Models/User.swift; sourceTree = "<group>"; };
		1B47DA001EDFEDB500025710 /* UserService.swift */ = {isa = PBXFileReference; fileEncoding = 4; lastKnownFileType = sourcecode.swift; path = UserService.swift; sourceTree = "<group>"; };
		1B6B452D1ED55E9C00612EC7 /* CustomMapView.swift */ = {isa = PBXFileReference; fileEncoding = 4; lastKnownFileType = sourcecode.swift; path = CustomMapView.swift; sourceTree = "<group>"; };
		1B6B452F1ED55EEF00612EC7 /* CustomMapView.xib */ = {isa = PBXFileReference; fileEncoding = 4; lastKnownFileType = file.xib; path = CustomMapView.xib; sourceTree = "<group>"; };
		1B6B45341ED5BA5200612EC7 /* LocationManager.swift */ = {isa = PBXFileReference; fileEncoding = 4; lastKnownFileType = sourcecode.swift; path = LocationManager.swift; sourceTree = "<group>"; };
		1B6B45371ED5BB0300612EC7 /* UIViewExtension.swift */ = {isa = PBXFileReference; fileEncoding = 4; lastKnownFileType = sourcecode.swift; path = UIViewExtension.swift; sourceTree = "<group>"; };
		1BA6D5CD1EEA79A8009C397A /* Utils.swift */ = {isa = PBXFileReference; fileEncoding = 4; lastKnownFileType = sourcecode.swift; path = Utils.swift; sourceTree = "<group>"; };
		1BA6D5CF1EEA7E61009C397A /* TripService.swift */ = {isa = PBXFileReference; fileEncoding = 4; lastKnownFileType = sourcecode.swift; path = TripService.swift; sourceTree = "<group>"; };
		1BA6D5D11EEA82BF009C397A /* Trip.swift */ = {isa = PBXFileReference; fileEncoding = 4; lastKnownFileType = sourcecode.swift; name = Trip.swift; path = Models/Trip.swift; sourceTree = "<group>"; };
		1BB4CE151ED6A6B0003505DB /* Signals.framework */ = {isa = PBXFileReference; lastKnownFileType = wrapper.framework; name = Signals.framework; path = "../../../../../../Users/mehtab/Library/Developer/Xcode/DerivedData/TripManagerApp-gvizxtckzxzhxfgyycnkpcothbrt/Build/Products/Debug-iphonesimulator/Signals/Signals.framework"; sourceTree = "<group>"; };
		1BB4CE191ED6F283003505DB /* Cupertino CA USA.gpx */ = {isa = PBXFileReference; lastKnownFileType = text.xml; path = "Cupertino CA USA.gpx"; sourceTree = "<group>"; };
		1BB8533E1EE572DC0023E821 /* menu.plist */ = {isa = PBXFileReference; fileEncoding = 4; lastKnownFileType = text.plist.xml; name = menu.plist; path = Plist/menu.plist; sourceTree = "<group>"; };
		1BBB09D11ED2FA7300F73B77 /* LoginViewController.swift */ = {isa = PBXFileReference; fileEncoding = 4; lastKnownFileType = sourcecode.swift; path = LoginViewController.swift; sourceTree = "<group>"; };
		1BBB09D51ED2FAA400F73B77 /* LoginView.xib */ = {isa = PBXFileReference; fileEncoding = 4; lastKnownFileType = file.xib; path = LoginView.xib; sourceTree = "<group>"; };
		1BBB09D71ED30C4700F73B77 /* LoginService.swift */ = {isa = PBXFileReference; fileEncoding = 4; lastKnownFileType = sourcecode.swift; path = LoginService.swift; sourceTree = "<group>"; };
		1BBB09D91ED30C5500F73B77 /* BaseService.swift */ = {isa = PBXFileReference; fileEncoding = 4; lastKnownFileType = sourcecode.swift; path = BaseService.swift; sourceTree = "<group>"; };
		1BBB09DC1ED3144000F73B77 /* CustomTextField.swift */ = {isa = PBXFileReference; fileEncoding = 4; lastKnownFileType = sourcecode.swift; path = CustomTextField.swift; sourceTree = "<group>"; };
		1BBB09DE1ED3287000F73B77 /* Alamofire.framework */ = {isa = PBXFileReference; lastKnownFileType = wrapper.framework; name = Alamofire.framework; path = "../../../../../../Users/mehtab/Library/Developer/Xcode/DerivedData/TripManagerApp-gvizxtckzxzhxfgyycnkpcothbrt/Build/Products/Debug-iphonesimulator/Alamofire/Alamofire.framework"; sourceTree = "<group>"; };
		1BC18D581EDD358200D1578D /* BaseMapView.swift */ = {isa = PBXFileReference; fileEncoding = 4; lastKnownFileType = sourcecode.swift; path = BaseMapView.swift; sourceTree = "<group>"; };
		1BC18D5A1EDD498A00D1578D /* KWDrawerController.framework */ = {isa = PBXFileReference; lastKnownFileType = wrapper.framework; name = KWDrawerController.framework; path = "../../../../../../Users/mehtab/Library/Developer/Xcode/DerivedData/TripManagerApp-gvizxtckzxzhxfgyycnkpcothbrt/Build/Products/Debug-iphonesimulator/KWDrawerController/KWDrawerController.framework"; sourceTree = "<group>"; };
		1BC18D5C1EDD4B9100D1578D /* MenuViewController.swift */ = {isa = PBXFileReference; fileEncoding = 4; lastKnownFileType = sourcecode.swift; path = MenuViewController.swift; sourceTree = "<group>"; };
		1BC18D5E1EDD4BCC00D1578D /* MenuView.xib */ = {isa = PBXFileReference; fileEncoding = 4; lastKnownFileType = file.xib; path = MenuView.xib; sourceTree = "<group>"; };
		1BC18D601EDD546000D1578D /* SlideMenuControllerSwift.framework */ = {isa = PBXFileReference; lastKnownFileType = wrapper.framework; name = SlideMenuControllerSwift.framework; path = "../../../../../../Users/mehtab/Library/Developer/Xcode/DerivedData/TripManagerApp-gvizxtckzxzhxfgyycnkpcothbrt/Build/Products/Debug-iphonesimulator/SlideMenuControllerSwift/SlideMenuControllerSwift.framework"; sourceTree = "<group>"; };
		1BC1AEC81ED4113000869AA1 /* HTTPRequestManager.swift */ = {isa = PBXFileReference; fileEncoding = 4; lastKnownFileType = sourcecode.swift; path = HTTPRequestManager.swift; sourceTree = "<group>"; };
		1BC1AECA1ED44B0600869AA1 /* AppConfig.swift */ = {isa = PBXFileReference; fileEncoding = 4; lastKnownFileType = sourcecode.swift; path = AppConfig.swift; sourceTree = "<group>"; };
		1BC1AECE1ED450D000869AA1 /* SignUpViewController.swift */ = {isa = PBXFileReference; fileEncoding = 4; lastKnownFileType = sourcecode.swift; path = SignUpViewController.swift; sourceTree = "<group>"; };
		1BC1AED01ED4544800869AA1 /* SignUpView.xib */ = {isa = PBXFileReference; fileEncoding = 4; lastKnownFileType = file.xib; path = SignUpView.xib; sourceTree = "<group>"; };
		1BC1AED21ED462D000869AA1 /* MainView.xib */ = {isa = PBXFileReference; fileEncoding = 4; lastKnownFileType = file.xib; path = MainView.xib; sourceTree = "<group>"; };
		1BD6B67E1EEFD3D600162ABF /* TripHistoryViewController.swift */ = {isa = PBXFileReference; fileEncoding = 4; lastKnownFileType = sourcecode.swift; path = TripHistoryViewController.swift; sourceTree = "<group>"; };
		1BD6B6821EEFD53200162ABF /* TripHistoryView.xib */ = {isa = PBXFileReference; fileEncoding = 4; lastKnownFileType = file.xib; path = TripHistoryView.xib; sourceTree = "<group>"; };
		1BE2EC8D1EE7DDFA0038F257 /* ProfileViewController.swift */ = {isa = PBXFileReference; fileEncoding = 4; lastKnownFileType = sourcecode.swift; path = ProfileViewController.swift; sourceTree = "<group>"; };
		1BE2EC911EE7DE4E0038F257 /* ProfileView.xib */ = {isa = PBXFileReference; fileEncoding = 4; lastKnownFileType = file.xib; path = ProfileView.xib; sourceTree = "<group>"; };
		43BE7438396CA89A5D83D52C /* Pods-TripManagerApp.release.xcconfig */ = {isa = PBXFileReference; includeInIndex = 1; lastKnownFileType = text.xcconfig; name = "Pods-TripManagerApp.release.xcconfig"; path = "Pods/Target Support Files/Pods-TripManagerApp/Pods-TripManagerApp.release.xcconfig"; sourceTree = "<group>"; };
		5ACA13B3D4F2F9037C250142 /* Pods-TripManagerApp.debug.xcconfig */ = {isa = PBXFileReference; includeInIndex = 1; lastKnownFileType = text.xcconfig; name = "Pods-TripManagerApp.debug.xcconfig"; path = "Pods/Target Support Files/Pods-TripManagerApp/Pods-TripManagerApp.debug.xcconfig"; sourceTree = "<group>"; };
		8FF95C9B0B0FEEB50BD3B712 /* Pods_TripManagerApp.framework */ = {isa = PBXFileReference; explicitFileType = wrapper.framework; includeInIndex = 0; path = Pods_TripManagerApp.framework; sourceTree = BUILT_PRODUCTS_DIR; };
/* End PBXFileReference section */

/* Begin PBXFrameworksBuildPhase section */
		1B1DB19F1ECEBDCB00600AA6 /* Frameworks */ = {
			isa = PBXFrameworksBuildPhase;
			buildActionMask = 2147483647;
			files = (
				1B21B3701EF93B6300B379F7 /* KWDrawerController.framework in Frameworks */,
				1BB4CE161ED6A6B0003505DB /* Signals.framework in Frameworks */,
				1BBB09DF1ED3287000F73B77 /* Alamofire.framework in Frameworks */,
				AB8716028A113EEAFB04D75D /* Pods_TripManagerApp.framework in Frameworks */,
			);
			runOnlyForDeploymentPostprocessing = 0;
		};
/* End PBXFrameworksBuildPhase section */

/* Begin PBXGroup section */
		1B1DB1991ECEBDCB00600AA6 = {
			isa = PBXGroup;
			children = (
				1B1DB1A41ECEBDCB00600AA6 /* TripManagerApp */,
				1BB4CE171ED6F11B003505DB /* GPX */,
				1B1DB1A31ECEBDCB00600AA6 /* Products */,
				513446C5985A53868BFD1DC2 /* Pods */,
				CC0611BF5F32015397553A80 /* Frameworks */,
			);
			sourceTree = "<group>";
		};
		1B1DB1A31ECEBDCB00600AA6 /* Products */ = {
			isa = PBXGroup;
			children = (
				1B1DB1A21ECEBDCB00600AA6 /* TripManagerApp.app */,
			);
			name = Products;
			sourceTree = "<group>";
		};
		1B1DB1A41ECEBDCB00600AA6 /* TripManagerApp */ = {
			isa = PBXGroup;
			children = (
				1B1DB1A51ECEBDCB00600AA6 /* AppDelegate.swift */,
				1BC1AECA1ED44B0600869AA1 /* AppConfig.swift */,
				1BBB09DB1ED313CF00F73B77 /* Components */,
				1B1DB1BB1ECECF4D00600AA6 /* Controllers */,
				1B1DB1C31ECED07B00600AA6 /* Controls */,
				1B47D9F61EDFE70F00025710 /* Constants */,
				1B47D9FD1EDFEACD00025710 /* Models */,
				1B6B45361ED5BABB00612EC7 /* Extensions */,
				1B1DB1C41ECED07B00600AA6 /* Services */,
				1B1DB1C51ECED07B00600AA6 /* Utils */,
				1BC1AEC71ED40C1000869AA1 /* Manager */,
				1BB8533D1EE572AC0023E821 /* Plist */,
				1B1DB1C01ECECF7400600AA6 /* Views */,
				1B1DB1AC1ECEBDCC00600AA6 /* Assets.xcassets */,
				1B1DB1B11ECEBDCC00600AA6 /* Info.plist */,
				1B1DB1AE1ECEBDCC00600AA6 /* LaunchScreen.storyboard */,
			);
			path = TripManagerApp;
			sourceTree = "<group>";
		};
		1B1DB1BB1ECECF4D00600AA6 /* Controllers */ = {
			isa = PBXGroup;
			children = (
				1B1DB1CA1ECF031D00600AA6 /* BaseViewController.swift */,
				1BBB09D11ED2FA7300F73B77 /* LoginViewController.swift */,
				1B1DB1BC1ECECF4D00600AA6 /* MainViewController.swift */,
				1BC18D5C1EDD4B9100D1578D /* MenuViewController.swift */,
				1BE2EC8D1EE7DDFA0038F257 /* ProfileViewController.swift */,
				1BC1AECE1ED450D000869AA1 /* SignUpViewController.swift */,
				1B21B3691EF90EA300B379F7 /* TripDetailViewController.swift */,
				1BD6B67E1EEFD3D600162ABF /* TripHistoryViewController.swift */,
			);
			path = Controllers;
			sourceTree = "<group>";
		};
		1B1DB1C01ECECF7400600AA6 /* Views */ = {
			isa = PBXGroup;
			children = (
				1B6B452F1ED55EEF00612EC7 /* CustomMapView.xib */,
				1BBB09D51ED2FAA400F73B77 /* LoginView.xib */,
				1BC1AED21ED462D000869AA1 /* MainView.xib */,
				1BC18D5E1EDD4BCC00D1578D /* MenuView.xib */,
				1BE2EC911EE7DE4E0038F257 /* ProfileView.xib */,
				1BC1AED01ED4544800869AA1 /* SignUpView.xib */,
				1B21B36D1EF90EC500B379F7 /* TripDetailView.xib */,
				1BD6B6821EEFD53200162ABF /* TripHistoryView.xib */,
			);
			path = Views;
			sourceTree = "<group>";
		};
		1B1DB1C31ECED07B00600AA6 /* Controls */ = {
			isa = PBXGroup;
			children = (
				1BC18D581EDD358200D1578D /* BaseMapView.swift */,
				1B6B452D1ED55E9C00612EC7 /* CustomMapView.swift */,
			);
			path = Controls;
			sourceTree = "<group>";
		};
		1B1DB1C41ECED07B00600AA6 /* Services */ = {
			isa = PBXGroup;
			children = (
				1BBB09D91ED30C5500F73B77 /* BaseService.swift */,
				1BBB09D71ED30C4700F73B77 /* LoginService.swift */,
				1B47DA001EDFEDB500025710 /* UserService.swift */,
				1BA6D5CF1EEA7E61009C397A /* TripService.swift */,
			);
			path = Services;
			sourceTree = "<group>";
		};
		1B1DB1C51ECED07B00600AA6 /* Utils */ = {
			isa = PBXGroup;
			children = (
				1BA6D5CD1EEA79A8009C397A /* Utils.swift */,
			);
			path = Utils;
			sourceTree = "<group>";
		};
		1B47D9F61EDFE70F00025710 /* Constants */ = {
			isa = PBXGroup;
			children = (
				1B47D9F91EDFE9E700025710 /* Constants.swift */,
				1B47D9FB1EDFEA0400025710 /* KeyConstants.swift */,
			);
			name = Constants;
			sourceTree = "<group>";
		};
		1B47D9FD1EDFEACD00025710 /* Models */ = {
			isa = PBXGroup;
			children = (
				1B47D9FE1EDFEAFD00025710 /* User.swift */,
				1BA6D5D11EEA82BF009C397A /* Trip.swift */,
			);
			name = Models;
			sourceTree = "<group>";
		};
		1B6B45361ED5BABB00612EC7 /* Extensions */ = {
			isa = PBXGroup;
			children = (
				1B6B45371ED5BB0300612EC7 /* UIViewExtension.swift */,
			);
			path = Extensions;
			sourceTree = "<group>";
		};
		1BB4CE171ED6F11B003505DB /* GPX */ = {
			isa = PBXGroup;
			children = (
				1BB4CE191ED6F283003505DB /* Cupertino CA USA.gpx */,
			);
			name = GPX;
			path = TripManagerApp/GPX;
			sourceTree = "<group>";
		};
		1BB8533D1EE572AC0023E821 /* Plist */ = {
			isa = PBXGroup;
			children = (
				1BB8533E1EE572DC0023E821 /* menu.plist */,
			);
			name = Plist;
			sourceTree = "<group>";
		};
		1BBB09DB1ED313CF00F73B77 /* Components */ = {
			isa = PBXGroup;
			children = (
				1BBB09DC1ED3144000F73B77 /* CustomTextField.swift */,
			);
			path = Components;
			sourceTree = "<group>";
		};
		1BC1AEC71ED40C1000869AA1 /* Manager */ = {
			isa = PBXGroup;
			children = (
				1BC1AEC81ED4113000869AA1 /* HTTPRequestManager.swift */,
				1B6B45341ED5BA5200612EC7 /* LocationManager.swift */,
			);
			path = Manager;
			sourceTree = "<group>";
		};
		513446C5985A53868BFD1DC2 /* Pods */ = {
			isa = PBXGroup;
			children = (
				5ACA13B3D4F2F9037C250142 /* Pods-TripManagerApp.debug.xcconfig */,
				43BE7438396CA89A5D83D52C /* Pods-TripManagerApp.release.xcconfig */,
			);
			name = Pods;
			sourceTree = "<group>";
		};
		CC0611BF5F32015397553A80 /* Frameworks */ = {
			isa = PBXGroup;
			children = (
				1B21B36F1EF93B6300B379F7 /* KWDrawerController.framework */,
				1B21B3671EF8FF8800B379F7 /* DateToolsSwift.framework */,
				1BC18D601EDD546000D1578D /* SlideMenuControllerSwift.framework */,
				1BC18D5A1EDD498A00D1578D /* KWDrawerController.framework */,
				1BB4CE151ED6A6B0003505DB /* Signals.framework */,
				1BBB09DE1ED3287000F73B77 /* Alamofire.framework */,
				8FF95C9B0B0FEEB50BD3B712 /* Pods_TripManagerApp.framework */,
			);
			name = Frameworks;
			sourceTree = "<group>";
		};
/* End PBXGroup section */

/* Begin PBXNativeTarget section */
		1B1DB1A11ECEBDCB00600AA6 /* TripManagerApp */ = {
			isa = PBXNativeTarget;
			buildConfigurationList = 1B1DB1B41ECEBDCC00600AA6 /* Build configuration list for PBXNativeTarget "TripManagerApp" */;
			buildPhases = (
				DA272AE15C51E05331C5BD42 /* [CP] Check Pods Manifest.lock */,
				1B1DB19E1ECEBDCB00600AA6 /* Sources */,
				1B1DB19F1ECEBDCB00600AA6 /* Frameworks */,
				1B1DB1A01ECEBDCB00600AA6 /* Resources */,
				868FA1A0F55D1BFC5DC54E0C /* [CP] Embed Pods Frameworks */,
				CCD12FBD49AD9CE0D66F4691 /* [CP] Copy Pods Resources */,
			);
			buildRules = (
			);
			dependencies = (
			);
			name = TripManagerApp;
			productName = TripManagerApp;
			productReference = 1B1DB1A21ECEBDCB00600AA6 /* TripManagerApp.app */;
			productType = "com.apple.product-type.application";
		};
/* End PBXNativeTarget section */

/* Begin PBXProject section */
		1B1DB19A1ECEBDCB00600AA6 /* Project object */ = {
			isa = PBXProject;
			attributes = {
				LastSwiftUpdateCheck = 0820;
				LastUpgradeCheck = 0820;
				ORGANIZATIONNAME = Mehtab;
				TargetAttributes = {
					1B1DB1A11ECEBDCB00600AA6 = {
						CreatedOnToolsVersion = 8.2.1;
						DevelopmentTeam = 9MWU5PC5GV;
						ProvisioningStyle = Automatic;
						SystemCapabilities = {
							com.apple.BackgroundModes = {
								enabled = 1;
							};
						};
					};
				};
			};
			buildConfigurationList = 1B1DB19D1ECEBDCB00600AA6 /* Build configuration list for PBXProject "TripManagerApp" */;
			compatibilityVersion = "Xcode 3.2";
			developmentRegion = English;
			hasScannedForEncodings = 0;
			knownRegions = (
				en,
				Base,
			);
			mainGroup = 1B1DB1991ECEBDCB00600AA6;
			productRefGroup = 1B1DB1A31ECEBDCB00600AA6 /* Products */;
			projectDirPath = "";
			projectRoot = "";
			targets = (
				1B1DB1A11ECEBDCB00600AA6 /* TripManagerApp */,
			);
		};
/* End PBXProject section */

/* Begin PBXResourcesBuildPhase section */
		1B1DB1A01ECEBDCB00600AA6 /* Resources */ = {
			isa = PBXResourcesBuildPhase;
			buildActionMask = 2147483647;
			files = (
				1BD6B6831EEFD53200162ABF /* TripHistoryView.xib in Resources */,
				1BE2EC921EE7DE4E0038F257 /* ProfileView.xib in Resources */,
				1B1DB1B01ECEBDCC00600AA6 /* LaunchScreen.storyboard in Resources */,
				1BB8533F1EE572DC0023E821 /* menu.plist in Resources */,
				1BBB09D61ED2FAA400F73B77 /* LoginView.xib in Resources */,
				1BC18D5F1EDD4BCC00D1578D /* MenuView.xib in Resources */,
				1BC1AED31ED462D000869AA1 /* MainView.xib in Resources */,
				1BC1AED11ED4544800869AA1 /* SignUpView.xib in Resources */,
				1B6B45301ED55EEF00612EC7 /* CustomMapView.xib in Resources */,
				1B21B36E1EF90EC500B379F7 /* TripDetailView.xib in Resources */,
				1B1DB1AD1ECEBDCC00600AA6 /* Assets.xcassets in Resources */,
			);
			runOnlyForDeploymentPostprocessing = 0;
		};
/* End PBXResourcesBuildPhase section */

/* Begin PBXShellScriptBuildPhase section */
		868FA1A0F55D1BFC5DC54E0C /* [CP] Embed Pods Frameworks */ = {
			isa = PBXShellScriptBuildPhase;
			buildActionMask = 2147483647;
			files = (
			);
			inputPaths = (
			);
			name = "[CP] Embed Pods Frameworks";
			outputPaths = (
			);
			runOnlyForDeploymentPostprocessing = 0;
			shellPath = /bin/sh;
			shellScript = "\"${SRCROOT}/Pods/Target Support Files/Pods-TripManagerApp/Pods-TripManagerApp-frameworks.sh\"\n";
			showEnvVarsInLog = 0;
		};
		CCD12FBD49AD9CE0D66F4691 /* [CP] Copy Pods Resources */ = {
			isa = PBXShellScriptBuildPhase;
			buildActionMask = 2147483647;
			files = (
			);
			inputPaths = (
			);
			name = "[CP] Copy Pods Resources";
			outputPaths = (
			);
			runOnlyForDeploymentPostprocessing = 0;
			shellPath = /bin/sh;
			shellScript = "\"${SRCROOT}/Pods/Target Support Files/Pods-TripManagerApp/Pods-TripManagerApp-resources.sh\"\n";
			showEnvVarsInLog = 0;
		};
		DA272AE15C51E05331C5BD42 /* [CP] Check Pods Manifest.lock */ = {
			isa = PBXShellScriptBuildPhase;
			buildActionMask = 2147483647;
			files = (
			);
			inputPaths = (
			);
			name = "[CP] Check Pods Manifest.lock";
			outputPaths = (
			);
			runOnlyForDeploymentPostprocessing = 0;
			shellPath = /bin/sh;
			shellScript = "diff \"${PODS_PODFILE_DIR_PATH}/Podfile.lock\" \"${PODS_ROOT}/Manifest.lock\" > /dev/null\nif [ $? != 0 ] ; then\n    # print error to STDERR\n    echo \"error: The sandbox is not in sync with the Podfile.lock. Run 'pod install' or update your CocoaPods installation.\" >&2\n    exit 1\nfi\n";
			showEnvVarsInLog = 0;
		};
/* End PBXShellScriptBuildPhase section */

/* Begin PBXSourcesBuildPhase section */
		1B1DB19E1ECEBDCB00600AA6 /* Sources */ = {
			isa = PBXSourcesBuildPhase;
			buildActionMask = 2147483647;
			files = (
				1BC1AECB1ED44B0600869AA1 /* AppConfig.swift in Sources */,
				1BC18D5D1EDD4B9100D1578D /* MenuViewController.swift in Sources */,
				1BD6B6801EEFD3D600162ABF /* TripHistoryViewController.swift in Sources */,
				1BE2EC8F1EE7DDFA0038F257 /* ProfileViewController.swift in Sources */,
				1B47D9FC1EDFEA0400025710 /* KeyConstants.swift in Sources */,
				1BA6D5D21EEA82BF009C397A /* Trip.swift in Sources */,
				1BBB09DA1ED30C5500F73B77 /* BaseService.swift in Sources */,
				1BBB09D31ED2FA7300F73B77 /* LoginViewController.swift in Sources */,
				1BA6D5D01EEA7E61009C397A /* TripService.swift in Sources */,
				1B1DB1A61ECEBDCB00600AA6 /* AppDelegate.swift in Sources */,
				1BC1AECF1ED450D000869AA1 /* SignUpViewController.swift in Sources */,
				1B6B452E1ED55E9C00612EC7 /* CustomMapView.swift in Sources */,
				1B47D9FA1EDFE9E700025710 /* Constants.swift in Sources */,
				1B1DB1CB1ECF031D00600AA6 /* BaseViewController.swift in Sources */,
				1BBB09DD1ED3144000F73B77 /* CustomTextField.swift in Sources */,
				1B6B45351ED5BA5200612EC7 /* LocationManager.swift in Sources */,
				1B6B45381ED5BB0300612EC7 /* UIViewExtension.swift in Sources */,
				1B47DA011EDFEDB500025710 /* UserService.swift in Sources */,
				1BC1AEC91ED4113000869AA1 /* HTTPRequestManager.swift in Sources */,
				1B47D9FF1EDFEAFD00025710 /* User.swift in Sources */,
				1B21B36B1EF90EA300B379F7 /* TripDetailViewController.swift in Sources */,
				1BA6D5CE1EEA79A8009C397A /* Utils.swift in Sources */,
				1B1DB1BE1ECECF4D00600AA6 /* MainViewController.swift in Sources */,
				1BC18D591EDD358200D1578D /* BaseMapView.swift in Sources */,
				1BBB09D81ED30C4700F73B77 /* LoginService.swift in Sources */,
			);
			runOnlyForDeploymentPostprocessing = 0;
		};
/* End PBXSourcesBuildPhase section */

/* Begin PBXVariantGroup section */
		1B1DB1AE1ECEBDCC00600AA6 /* LaunchScreen.storyboard */ = {
			isa = PBXVariantGroup;
			children = (
				1B1DB1AF1ECEBDCC00600AA6 /* Base */,
			);
			name = LaunchScreen.storyboard;
			sourceTree = "<group>";
		};
/* End PBXVariantGroup section */

/* Begin XCBuildConfiguration section */
		1B1DB1B21ECEBDCC00600AA6 /* Debug */ = {
			isa = XCBuildConfiguration;
			buildSettings = {
				ALWAYS_SEARCH_USER_PATHS = NO;
				CLANG_ANALYZER_NONNULL = YES;
				CLANG_CXX_LANGUAGE_STANDARD = "gnu++0x";
				CLANG_CXX_LIBRARY = "libc++";
				CLANG_ENABLE_MODULES = YES;
				CLANG_ENABLE_OBJC_ARC = YES;
				CLANG_WARN_BOOL_CONVERSION = YES;
				CLANG_WARN_CONSTANT_CONVERSION = YES;
				CLANG_WARN_DIRECT_OBJC_ISA_USAGE = YES_ERROR;
				CLANG_WARN_DOCUMENTATION_COMMENTS = YES;
				CLANG_WARN_EMPTY_BODY = YES;
				CLANG_WARN_ENUM_CONVERSION = YES;
				CLANG_WARN_INFINITE_RECURSION = YES;
				CLANG_WARN_INT_CONVERSION = YES;
				CLANG_WARN_OBJC_ROOT_CLASS = YES_ERROR;
				CLANG_WARN_SUSPICIOUS_MOVE = YES;
				CLANG_WARN_UNREACHABLE_CODE = YES;
				CLANG_WARN__DUPLICATE_METHOD_MATCH = YES;
				"CODE_SIGN_IDENTITY[sdk=iphoneos*]" = "iPhone Developer";
				COPY_PHASE_STRIP = NO;
				DEBUG_INFORMATION_FORMAT = dwarf;
				ENABLE_STRICT_OBJC_MSGSEND = YES;
				ENABLE_TESTABILITY = YES;
				GCC_C_LANGUAGE_STANDARD = gnu99;
				GCC_DYNAMIC_NO_PIC = NO;
				GCC_NO_COMMON_BLOCKS = YES;
				GCC_OPTIMIZATION_LEVEL = 0;
				GCC_PREPROCESSOR_DEFINITIONS = (
					"DEBUG=1",
					"$(inherited)",
				);
				GCC_WARN_64_TO_32_BIT_CONVERSION = YES;
				GCC_WARN_ABOUT_RETURN_TYPE = YES_ERROR;
				GCC_WARN_UNDECLARED_SELECTOR = YES;
				GCC_WARN_UNINITIALIZED_AUTOS = YES_AGGRESSIVE;
				GCC_WARN_UNUSED_FUNCTION = YES;
				GCC_WARN_UNUSED_VARIABLE = YES;
				IPHONEOS_DEPLOYMENT_TARGET = 10.2;
				MTL_ENABLE_DEBUG_INFO = YES;
				ONLY_ACTIVE_ARCH = YES;
				SDKROOT = iphoneos;
				SWIFT_ACTIVE_COMPILATION_CONDITIONS = DEBUG;
				SWIFT_OPTIMIZATION_LEVEL = "-Onone";
			};
			name = Debug;
		};
		1B1DB1B31ECEBDCC00600AA6 /* Release */ = {
			isa = XCBuildConfiguration;
			buildSettings = {
				ALWAYS_SEARCH_USER_PATHS = NO;
				CLANG_ANALYZER_NONNULL = YES;
				CLANG_CXX_LANGUAGE_STANDARD = "gnu++0x";
				CLANG_CXX_LIBRARY = "libc++";
				CLANG_ENABLE_MODULES = YES;
				CLANG_ENABLE_OBJC_ARC = YES;
				CLANG_WARN_BOOL_CONVERSION = YES;
				CLANG_WARN_CONSTANT_CONVERSION = YES;
				CLANG_WARN_DIRECT_OBJC_ISA_USAGE = YES_ERROR;
				CLANG_WARN_DOCUMENTATION_COMMENTS = YES;
				CLANG_WARN_EMPTY_BODY = YES;
				CLANG_WARN_ENUM_CONVERSION = YES;
				CLANG_WARN_INFINITE_RECURSION = YES;
				CLANG_WARN_INT_CONVERSION = YES;
				CLANG_WARN_OBJC_ROOT_CLASS = YES_ERROR;
				CLANG_WARN_SUSPICIOUS_MOVE = YES;
				CLANG_WARN_UNREACHABLE_CODE = YES;
				CLANG_WARN__DUPLICATE_METHOD_MATCH = YES;
				"CODE_SIGN_IDENTITY[sdk=iphoneos*]" = "iPhone Developer";
				COPY_PHASE_STRIP = NO;
				DEBUG_INFORMATION_FORMAT = "dwarf-with-dsym";
				ENABLE_NS_ASSERTIONS = NO;
				ENABLE_STRICT_OBJC_MSGSEND = YES;
				GCC_C_LANGUAGE_STANDARD = gnu99;
				GCC_NO_COMMON_BLOCKS = YES;
				GCC_WARN_64_TO_32_BIT_CONVERSION = YES;
				GCC_WARN_ABOUT_RETURN_TYPE = YES_ERROR;
				GCC_WARN_UNDECLARED_SELECTOR = YES;
				GCC_WARN_UNINITIALIZED_AUTOS = YES_AGGRESSIVE;
				GCC_WARN_UNUSED_FUNCTION = YES;
				GCC_WARN_UNUSED_VARIABLE = YES;
				IPHONEOS_DEPLOYMENT_TARGET = 10.2;
				MTL_ENABLE_DEBUG_INFO = NO;
				SDKROOT = iphoneos;
				SWIFT_OPTIMIZATION_LEVEL = "-Owholemodule";
				VALIDATE_PRODUCT = YES;
			};
			name = Release;
		};
		1B1DB1B51ECEBDCC00600AA6 /* Debug */ = {
			isa = XCBuildConfiguration;
			baseConfigurationReference = 5ACA13B3D4F2F9037C250142 /* Pods-TripManagerApp.debug.xcconfig */;
			buildSettings = {
				ASSETCATALOG_COMPILER_APPICON_NAME = AppIcon;
				DEVELOPMENT_TEAM = 9MWU5PC5GV;
				FRAMEWORK_SEARCH_PATHS = (
					"$(inherited)",
					"$(PROJECT_DIR)/build/Debug-iphoneos/KWDrawerController",
				);
				INFOPLIST_FILE = TripManagerApp/Info.plist;
				IPHONEOS_DEPLOYMENT_TARGET = 9.0;
				LD_RUNPATH_SEARCH_PATHS = "$(inherited) @executable_path/Frameworks";
				PRODUCT_BUNDLE_IDENTIFIER = com.maddy.dev.TripManagerApp;
				PRODUCT_NAME = "$(TARGET_NAME)";
				SWIFT_VERSION = 3.0;
			};
			name = Debug;
		};
		1B1DB1B61ECEBDCC00600AA6 /* Release */ = {
			isa = XCBuildConfiguration;
			baseConfigurationReference = 43BE7438396CA89A5D83D52C /* Pods-TripManagerApp.release.xcconfig */;
			buildSettings = {
				ASSETCATALOG_COMPILER_APPICON_NAME = AppIcon;
				DEVELOPMENT_TEAM = 9MWU5PC5GV;
				FRAMEWORK_SEARCH_PATHS = (
					"$(inherited)",
					"$(PROJECT_DIR)/build/Debug-iphoneos/KWDrawerController",
				);
				INFOPLIST_FILE = TripManagerApp/Info.plist;
				IPHONEOS_DEPLOYMENT_TARGET = 9.0;
				LD_RUNPATH_SEARCH_PATHS = "$(inherited) @executable_path/Frameworks";
				PRODUCT_BUNDLE_IDENTIFIER = com.maddy.dev.TripManagerApp;
				PRODUCT_NAME = "$(TARGET_NAME)";
				SWIFT_VERSION = 3.0;
			};
			name = Release;
		};
/* End XCBuildConfiguration section */

/* Begin XCConfigurationList section */
		1B1DB19D1ECEBDCB00600AA6 /* Build configuration list for PBXProject "TripManagerApp" */ = {
			isa = XCConfigurationList;
			buildConfigurations = (
				1B1DB1B21ECEBDCC00600AA6 /* Debug */,
				1B1DB1B31ECEBDCC00600AA6 /* Release */,
			);
			defaultConfigurationIsVisible = 0;
			defaultConfigurationName = Release;
		};
		1B1DB1B41ECEBDCC00600AA6 /* Build configuration list for PBXNativeTarget "TripManagerApp" */ = {
			isa = XCConfigurationList;
			buildConfigurations = (
				1B1DB1B51ECEBDCC00600AA6 /* Debug */,
				1B1DB1B61ECEBDCC00600AA6 /* Release */,
			);
			defaultConfigurationIsVisible = 0;
			defaultConfigurationName = Release;
		};
/* End XCConfigurationList section */
	};
	rootObject = 1B1DB19A1ECEBDCB00600AA6 /* Project object */;
}
